{
  "name": "poc-score-flick-input",
  "version": "0.0.0",
  "lockfileVersion": 2,
  "requires": true,
  "packages": {
    "": {
      "version": "0.0.0",
      "license": "ISC",
      "dependencies": {
        "@tsconfig/recommended": "^1.0.1",
        "esbuild": "^0.11.11"
      },
      "devDependencies": {
        "prettier": "^2.3.1"
      }
    },
    "node_modules/@tsconfig/recommended": {
      "version": "1.0.1",
      "resolved": "https://registry.npmjs.org/@tsconfig/recommended/-/recommended-1.0.1.tgz",
      "integrity": "sha512-2xN+iGTbPBEzGSnVp/Hd64vKJCJWxsi9gfs88x4PPMyEjHJoA3o5BY9r5OLPHIZU2pAQxkSAsJFqn6itClP8mQ=="
    },
    "node_modules/esbuild": {
      "version": "0.11.11",
      "resolved": "https://registry.npmjs.org/esbuild/-/esbuild-0.11.11.tgz",
      "integrity": "sha512-iq5YdV63vY/nUAFIvY92BXVkYjMbOchnofLKoLKMPZIa4uuIJAJG9WRA+ZRjQBZbrsORUwvZcANeG2d3p46PJQ==",
      "hasInstallScript": true,
      "bin": {
        "esbuild": "bin/esbuild"
      }
    },
    "node_modules/prettier": {
      "version": "2.3.1",
      "resolved": "https://registry.npmjs.org/prettier/-/prettier-2.3.1.tgz",
      "integrity": "sha512-p+vNbgpLjif/+D+DwAZAbndtRrR0md0MwfmOVN9N+2RgyACMT+7tfaRnT+WDPkqnuVwleyuBIG2XBxKDme3hPA==",
      "dev": true,
      "bin": {
        "prettier": "bin-prettier.js"
      },
      "engines": {
        "node": ">=10.13.0"
      }
    }
  },
  "dependencies": {
    "@tsconfig/recommended": {
      "version": "1.0.1",
      "resolved": "https://registry.npmjs.org/@tsconfig/recommended/-/recommended-1.0.1.tgz",
      "integrity": "sha512-2xN+iGTbPBEzGSnVp/Hd64vKJCJWxsi9gfs88x4PPMyEjHJoA3o5BY9r5OLPHIZU2pAQxkSAsJFqn6itClP8mQ=="
    },
    "esbuild": {
      "version": "0.11.11",
      "resolved": "https://registry.npmjs.org/esbuild/-/esbuild-0.11.11.tgz",
      "integrity": "sha512-iq5YdV63vY/nUAFIvY92BXVkYjMbOchnofLKoLKMPZIa4uuIJAJG9WRA+ZRjQBZbrsORUwvZcANeG2d3p46PJQ=="
    },
    "prettier": {
      "version": "2.3.1",
      "resolved": "https://registry.npmjs.org/prettier/-/prettier-2.3.1.tgz",
      "integrity": "sha512-p+vNbgpLjif/+D+DwAZAbndtRrR0md0MwfmOVN9N+2RgyACMT+7tfaRnT+WDPkqnuVwleyuBIG2XBxKDme3hPA==",
      "dev": true
    }
  }
}
