{
  "name": "poc-score-flick-input",
  "version": "0.0.0",
  "lockfileVersion": 2,
  "requires": true,
  "packages": {
    "": {
      "version": "0.0.0",
      "license": "ISC",
      "dependencies": {
        "@tsconfig/recommended": "^1.0.1",
        "esbuild": "^0.11.11"
      }
    },
    "node_modules/@tsconfig/recommended": {
      "version": "1.0.1",
      "resolved": "https://registry.npmjs.org/@tsconfig/recommended/-/recommended-1.0.1.tgz",
      "integrity": "sha512-2xN+iGTbPBEzGSnVp/Hd64vKJCJWxsi9gfs88x4PPMyEjHJoA3o5BY9r5OLPHIZU2pAQxkSAsJFqn6itClP8mQ=="
    },
    "node_modules/esbuild": {
      "version": "0.11.11",
      "resolved": "https://registry.npmjs.org/esbuild/-/esbuild-0.11.11.tgz",
      "integrity": "sha512-iq5YdV63vY/nUAFIvY92BXVkYjMbOchnofLKoLKMPZIa4uuIJAJG9WRA+ZRjQBZbrsORUwvZcANeG2d3p46PJQ==",
      "hasInstallScript": true,
      "bin": {
        "esbuild": "bin/esbuild"
      }
    }
  },
  "dependencies": {
    "@tsconfig/recommended": {
      "version": "1.0.1",
      "resolved": "https://registry.npmjs.org/@tsconfig/recommended/-/recommended-1.0.1.tgz",
      "integrity": "sha512-2xN+iGTbPBEzGSnVp/Hd64vKJCJWxsi9gfs88x4PPMyEjHJoA3o5BY9r5OLPHIZU2pAQxkSAsJFqn6itClP8mQ=="
    },
    "esbuild": {
      "version": "0.11.11",
      "resolved": "https://registry.npmjs.org/esbuild/-/esbuild-0.11.11.tgz",
      "integrity": "sha512-iq5YdV63vY/nUAFIvY92BXVkYjMbOchnofLKoLKMPZIa4uuIJAJG9WRA+ZRjQBZbrsORUwvZcANeG2d3p46PJQ=="
    }
  }
}
